{"version":4,"terraform_version":"1.8.1","serial":12,"lineage":"534c65e4-11f5-fac9-1969-53aa03fab3d9","outputs":{},"resources":[{"mode":"managed","type":"digitalocean_cdn","name":"static-assets-cdn","provider":"provider[\"registry.opentofu.org/digitalocean/digitalocean\"]","instances":[{"schema_version":1,"attributes":{"certificate_id":null,"certificate_name":null,"created_at":"2024-08-30 12:46:33 +0000 UTC","custom_domain":"","endpoint":"shardsofbeyond-static-asset-objects.nyc3.cdn.digitaloceanspaces.com","id":"3de5f769-5939-4c97-9a74-6abb6c688b93","origin":"shardsofbeyond-static-asset-objects.nyc3.digitaloceanspaces.com","ttl":3600},"sensitive_attributes":[],"private":"eyJzY2hlbWFfdmVyc2lvbiI6IjEifQ==","dependencies":["digitalocean_spaces_bucket.static-assets"]}]},{"mode":"managed","type":"digitalocean_project","name":"shardsofbeyond","provider":"provider[\"registry.opentofu.org/digitalocean/digitalocean\"]","instances":[{"schema_version":0,"attributes":{"created_at":"2024-08-29T23:35:07Z","description":"Shards of Beyond Infrastructure","environment":"Development","id":"88a2d140-af8a-4643-a73e-c35b7151f51f","is_default":true,"name":"shardsofbeyond","owner_id":13597994,"owner_uuid":"e162c01c-c4be-4d00-b835-e956a01a90c2","purpose":"Web Application","resources":[],"timeouts":null,"updated_at":"2024-08-30T12:42:14Z"},"sensitive_attributes":[],"private":"eyJlMmJmYjczMC1lY2FhLTExZTYtOGY4OC0zNDM2M2JjN2M0YzAiOnsiZGVsZXRlIjoxODAwMDAwMDAwMDB9fQ=="}]},{"mode":"managed","type":"digitalocean_project_resources","name":"resources","provider":"provider[\"registry.opentofu.org/digitalocean/digitalocean\"]","instances":[{"schema_version":0,"attributes":{"id":"88a2d140-af8a-4643-a73e-c35b7151f51f","project":"88a2d140-af8a-4643-a73e-c35b7151f51f","resources":["do:space:shardsofbeyond-static-asset-objects"]},"sensitive_attributes":[],"private":"bnVsbA==","dependencies":["digitalocean_project.shardsofbeyond","digitalocean_spaces_bucket.static-assets"]}]},{"mode":"managed","type":"digitalocean_spaces_bucket","name":"static-assets","provider":"provider[\"registry.opentofu.org/digitalocean/digitalocean\"]","instances":[{"schema_version":0,"attributes":{"acl":"public-read","bucket_domain_name":"shardsofbeyond-static-asset-objects.nyc3.digitaloceanspaces.com","cors_rule":[],"endpoint":"nyc3.digitaloceanspaces.com","force_destroy":false,"id":"shardsofbeyond-static-asset-objects","lifecycle_rule":[],"name":"shardsofbeyond-static-asset-objects","region":"nyc3","urn":"do:space:shardsofbeyond-static-asset-objects","versioning":[{"enabled":false}]},"sensitive_attributes":[],"private":"bnVsbA=="}]},{"mode":"managed","type":"digitalocean_spaces_bucket_cors_configuration","name":"static-assets-cors","provider":"provider[\"registry.opentofu.org/digitalocean/digitalocean\"]","instances":[{"schema_version":0,"attributes":{"bucket":"shardsofbeyond-static-asset-objects","cors_rule":[{"allowed_headers":["*"],"allowed_methods":["GET"],"allowed_origins":["*"],"expose_headers":[],"id":"","max_age_seconds":31536000}],"id":"shardsofbeyond-static-asset-objects","region":"nyc3"},"sensitive_attributes":[],"private":"bnVsbA==","dependencies":["digitalocean_spaces_bucket.static-assets"]}]}],"check_results":null}
