{"version":4,"terraform_version":"1.8.1","serial":18,"lineage":"534c65e4-11f5-fac9-1969-53aa03fab3d9","outputs":{},"resources":[{"mode":"managed","type":"digitalocean_project","name":"shardsofbeyond","provider":"provider[\"registry.opentofu.org/digitalocean/digitalocean\"]","instances":[{"schema_version":0,"attributes":{"created_at":"2024-08-29T23:35:07Z","description":"Shards of Beyond Infrastructure","environment":"Development","id":"88a2d140-af8a-4643-a73e-c35b7151f51f","is_default":true,"name":"shardsofbeyond","owner_id":13597994,"owner_uuid":"e162c01c-c4be-4d00-b835-e956a01a90c2","purpose":"Web Application","resources":[],"timeouts":null,"updated_at":"2024-08-30T12:42:14Z"},"sensitive_attributes":[],"private":"eyJlMmJmYjczMC1lY2FhLTExZTYtOGY4OC0zNDM2M2JjN2M0YzAiOnsiZGVsZXRlIjoxODAwMDAwMDAwMDB9fQ=="}]},{"mode":"managed","type":"digitalocean_spaces_bucket","name":"assets","provider":"provider[\"registry.opentofu.org/digitalocean/digitalocean\"]","instances":[{"schema_version":0,"attributes":{"acl":"public-read","bucket_domain_name":"shardsofbeyond-assets.nyc3.digitaloceanspaces.com","cors_rule":[],"endpoint":"nyc3.digitaloceanspaces.com","force_destroy":true,"id":"shardsofbeyond-assets","lifecycle_rule":[],"name":"shardsofbeyond-assets","region":"nyc3","urn":"do:space:shardsofbeyond-assets","versioning":[{"enabled":false}]},"sensitive_attributes":[],"private":"bnVsbA=="}]}],"check_results":null}
